
Microsoft Visual Studio Solution File, Format Version 12.00
# Visual Studio Version 17
VisualStudioVersion = 17.0.31912.275
MinimumVisualStudioVersion = 10.0.40219.1
Project("{9A19103F-16F7-4668-BE54-9A1E7A4F7556}") = "BulkyBookWeb", "BulkyBookWeb\BulkyBookWeb.csproj", "{3F35C6E8-4BB1-434F-8142-D2D05A58C981}"
EndProject
Project("{2150E333-8FDC-42A3-9474-1A3956D46DE8}") = "Solution Items", "Solution Items", "{5572AFE0-A02B-4173-8C85-0A64A8812853}"
	ProjectSection(SolutionItems) = preProject
		.editorconfig = .editorconfig
	EndProjectSection
EndProject
Project("{FAE04EC0-301F-11D3-BF4B-00C04F79EFBC}") = "BulkyBook.DataAccess", "BulkyBook.DataAccess\BulkyBook.DataAccess.csproj", "{A7857088-A360-42C8-B6CA-D6AC2307D252}"
EndProject
Project("{FAE04EC0-301F-11D3-BF4B-00C04F79EFBC}") = "BulkyBook.Models", "BulkyBook.Models\BulkyBook.Models.csproj", "{C1B7CC94-0E4F-4847-84FA-FE718523915B}"
EndProject
Project("{FAE04EC0-301F-11D3-BF4B-00C04F79EFBC}") = "BulkyBook.Utility", "BulkyBook.Utility\BulkyBook.Utility.csproj", "{1458F51F-1756-4E7F-8826-BF8E6ADE324A}"
EndProject
Global
	GlobalSection(SolutionConfigurationPlatforms) = preSolution
		Debug|Any CPU = Debug|Any CPU
		Release|Any CPU = Release|Any CPU
	EndGlobalSection
	GlobalSection(ProjectConfigurationPlatforms) = postSolution
		{3F35C6E8-4BB1-434F-8142-D2D05A58C981}.Debug|Any CPU.ActiveCfg = Debug|Any CPU
		{3F35C6E8-4BB1-434F-8142-D2D05A58C981}.Debug|Any CPU.Build.0 = Debug|Any CPU
		{3F35C6E8-4BB1-434F-8142-D2D05A58C981}.Release|Any CPU.ActiveCfg = Release|Any CPU
		{3F35C6E8-4BB1-434F-8142-D2D05A58C981}.Release|Any CPU.Build.0 = Release|Any CPU
		{A7857088-A360-42C8-B6CA-D6AC2307D252}.Debug|Any CPU.ActiveCfg = Debug|Any CPU
		{A7857088-A360-42C8-B6CA-D6AC2307D252}.Debug|Any CPU.Build.0 = Debug|Any CPU
		{A7857088-A360-42C8-B6CA-D6AC2307D252}.Release|Any CPU.ActiveCfg = Release|Any CPU
		{A7857088-A360-42C8-B6CA-D6AC2307D252}.Release|Any CPU.Build.0 = Release|Any CPU
		{C1B7CC94-0E4F-4847-84FA-FE718523915B}.Debug|Any CPU.ActiveCfg = Debug|Any CPU
		{C1B7CC94-0E4F-4847-84FA-FE718523915B}.Debug|Any CPU.Build.0 = Debug|Any CPU
		{C1B7CC94-0E4F-4847-84FA-FE718523915B}.Release|Any CPU.ActiveCfg = Release|Any CPU
		{C1B7CC94-0E4F-4847-84FA-FE718523915B}.Release|Any CPU.Build.0 = Release|Any CPU
		{1458F51F-1756-4E7F-8826-BF8E6ADE324A}.Debug|Any CPU.ActiveCfg = Debug|Any CPU
		{1458F51F-1756-4E7F-8826-BF8E6ADE324A}.Debug|Any CPU.Build.0 = Debug|Any CPU
		{1458F51F-1756-4E7F-8826-BF8E6ADE324A}.Release|Any CPU.ActiveCfg = Release|Any CPU
		{1458F51F-1756-4E7F-8826-BF8E6ADE324A}.Release|Any CPU.Build.0 = Release|Any CPU
	EndGlobalSection
	GlobalSection(SolutionProperties) = preSolution
		HideSolutionNode = FALSE
	EndGlobalSection
	GlobalSection(ExtensibilityGlobals) = postSolution
		SolutionGuid = {86F65420-E33B-4CB6-B51A-F4760B2475D4}
	EndGlobalSection
EndGlobal
